<?xml version="1.0" encoding="utf-8"?>
<Project ToolsVersion="4.0" xmlns="http://schemas.microsoft.com/developer/msbuild/2003">
  <ItemGroup>
    <Filter Include="栈（Stack）">
      <UniqueIdentifier>{2d1a1345-d317-4f6e-9288-f162d52733ac}</UniqueIdentifier>
    </Filter>
    <Filter Include="主函数（main）">
      <UniqueIdentifier>{11374810-85ba-48a3-9a4d-a1cbec6b0c33}</UniqueIdentifier>
    </Filter>
    <Filter Include="队列（Queue）">
      <UniqueIdentifier>{9a6a9709-1ea9-418e-9bd8-13a82cbdefbb}</UniqueIdentifier>
    </Filter>
    <Filter Include="链表（Linked_List）">
      <UniqueIdentifier>{b07d9fe2-63e8-463a-9325-68f40b46d007}</UniqueIdentifier>
    </Filter>
  </ItemGroup>
  <ItemGroup>
    <ClCompile Include="stack.cpp">
      <Filter>栈（Stack）</Filter>
    </ClCompile>
    <ClCompile Include="queue.cpp">
      <Filter>队列（Queue）</Filter>
    </ClCompile>
    <ClCompile Include="main.cpp">
      <Filter>主函数（main）</Filter>
    </ClCompile>
    <ClCompile Include="link_list.cpp">
      <Filter>链表（Linked_List）</Filter>
    </ClCompile>
  </ItemGroup>
  <ItemGroup>
    <ClInclude Include="stack.h">
      <Filter>栈（Stack）</Filter>
    </ClInclude>
    <ClInclude Include="queue.h">
      <Filter>队列（Queue）</Filter>
    </ClInclude>
    <ClInclude Include="link_list.h">
      <Filter>链表（Linked_List）</Filter>
    </ClInclude>
  </ItemGroup>
  <ItemGroup>
    <Text Include="REMAKE.md">
      <Filter>链表（Linked_List）</Filter>
    </Text>
  </ItemGroup>
</Project>